
Microsoft Visual Studio Solution File, Format Version 12.00
# Visual Studio Version 17
VisualStudioVersion = 17.11.35312.102
MinimumVisualStudioVersion = 10.0.40219.1
Project("{FAE04EC0-301F-11D3-BF4B-00C04F79EFBC}") = "CustomerManagementApi", "CustomerManagementApi\CustomerManagementApi.csproj", "{17E72791-249B-4D86-86B1-0BE6DD98D5A7}"
EndProject
Project("{FAE04EC0-301F-11D3-BF4B-00C04F79EFBC}") = "CustomerManagementApi.Tests", "CustomerManagementApi.Tests\CustomerManagementApi.Tests.csproj", "{44D3EBAD-98F8-44D3-9444-3752E06BF8CB}"
EndProject
Global
	GlobalSection(SolutionConfigurationPlatforms) = preSolution
		Debug|Any CPU = Debug|Any CPU
		Release|Any CPU = Release|Any CPU
	EndGlobalSection
	GlobalSection(ProjectConfigurationPlatforms) = postSolution
		{17E72791-249B-4D86-86B1-0BE6DD98D5A7}.Debug|Any CPU.ActiveCfg = Debug|Any CPU
		{17E72791-249B-4D86-86B1-0BE6DD98D5A7}.Debug|Any CPU.Build.0 = Debug|Any CPU
		{17E72791-249B-4D86-86B1-0BE6DD98D5A7}.Release|Any CPU.ActiveCfg = Release|Any CPU
		{17E72791-249B-4D86-86B1-0BE6DD98D5A7}.Release|Any CPU.Build.0 = Release|Any CPU
		{44D3EBAD-98F8-44D3-9444-3752E06BF8CB}.Debug|Any CPU.ActiveCfg = Debug|Any CPU
		{44D3EBAD-98F8-44D3-9444-3752E06BF8CB}.Debug|Any CPU.Build.0 = Debug|Any CPU
		{44D3EBAD-98F8-44D3-9444-3752E06BF8CB}.Release|Any CPU.ActiveCfg = Release|Any CPU
		{44D3EBAD-98F8-44D3-9444-3752E06BF8CB}.Release|Any CPU.Build.0 = Release|Any CPU
	EndGlobalSection
	GlobalSection(SolutionProperties) = preSolution
		HideSolutionNode = FALSE
	EndGlobalSection
	GlobalSection(ExtensibilityGlobals) = postSolution
		SolutionGuid = {FC92E5F8-1B3D-48FC-AFA3-CFE337825AC5}
	EndGlobalSection
EndGlobal
